
Microsoft Visual Studio Solution File, Format Version 12.00
# Visual Studio 2013
VisualStudioVersion = 12.0.30110.0
MinimumVisualStudioVersion = 10.0.40219.1
Project("{FAE04EC0-301F-11D3-BF4B-00C04F79EFBC}") = "HttpClientTest_iOS", "HttpClientTest_iOS\HttpClientTest_iOS.csproj", "{D502B413-8529-4C8A-AC9F-6BCACCA48836}"
EndProject
Project("{FAE04EC0-301F-11D3-BF4B-00C04F79EFBC}") = "HttpClientTest_Android", "HttpClientTest_Android\HttpClientTest_Android.csproj", "{4346C41B-3F28-4932-A4F2-EA819E2FBD90}"
EndProject
Project("{FAE04EC0-301F-11D3-BF4B-00C04F79EFBC}") = "HttpClientTest_CoreLib", "HttpClientTest_CoreLib\HttpClientTest_CoreLib.csproj", "{6929E86E-7507-4938-9DC3-81BE37CE06AE}"
EndProject
Project("{FAE04EC0-301F-11D3-BF4B-00C04F79EFBC}") = "HttpClientTest_UnitTests", "HttpClientTest_UnitTests\HttpClientTest_UnitTests.csproj", "{6267A6C4-1DCF-47E8-A736-8FF5BC9E563B}"
EndProject
Project("{2150E333-8FDC-42A3-9474-1A3956D46DE8}") = "Solution Items", "Solution Items", "{BC7348B9-C24F-4C76-ACB2-2446C2750C5E}"
	ProjectSection(SolutionItems) = preProject
		README.md = README.md
	EndProjectSection
EndProject
Global
	GlobalSection(SolutionConfigurationPlatforms) = preSolution
		Ad-Hoc|Any CPU = Ad-Hoc|Any CPU
		Ad-Hoc|iPhone = Ad-Hoc|iPhone
		Ad-Hoc|iPhoneSimulator = Ad-Hoc|iPhoneSimulator
		Ad-Hoc|Mixed Platforms = Ad-Hoc|Mixed Platforms
		AppStore|Any CPU = AppStore|Any CPU
		AppStore|iPhone = AppStore|iPhone
		AppStore|iPhoneSimulator = AppStore|iPhoneSimulator
		AppStore|Mixed Platforms = AppStore|Mixed Platforms
		Debug|Any CPU = Debug|Any CPU
		Debug|iPhone = Debug|iPhone
		Debug|iPhoneSimulator = Debug|iPhoneSimulator
		Debug|Mixed Platforms = Debug|Mixed Platforms
		Release|Any CPU = Release|Any CPU
		Release|iPhone = Release|iPhone
		Release|iPhoneSimulator = Release|iPhoneSimulator
		Release|Mixed Platforms = Release|Mixed Platforms
	EndGlobalSection
	GlobalSection(ProjectConfigurationPlatforms) = postSolution
		{D502B413-8529-4C8A-AC9F-6BCACCA48836}.Ad-Hoc|Any CPU.ActiveCfg = Ad-Hoc|iPhone
		{D502B413-8529-4C8A-AC9F-6BCACCA48836}.Ad-Hoc|iPhone.ActiveCfg = Ad-Hoc|iPhone
		{D502B413-8529-4C8A-AC9F-6BCACCA48836}.Ad-Hoc|iPhone.Build.0 = Ad-Hoc|iPhone
		{D502B413-8529-4C8A-AC9F-6BCACCA48836}.Ad-Hoc|iPhone.Deploy.0 = Ad-Hoc|iPhone
		{D502B413-8529-4C8A-AC9F-6BCACCA48836}.Ad-Hoc|iPhoneSimulator.ActiveCfg = Ad-Hoc|iPhoneSimulator
		{D502B413-8529-4C8A-AC9F-6BCACCA48836}.Ad-Hoc|iPhoneSimulator.Build.0 = Ad-Hoc|iPhoneSimulator
		{D502B413-8529-4C8A-AC9F-6BCACCA48836}.Ad-Hoc|iPhoneSimulator.Deploy.0 = Ad-Hoc|iPhoneSimulator
		{D502B413-8529-4C8A-AC9F-6BCACCA48836}.Ad-Hoc|Mixed Platforms.ActiveCfg = Ad-Hoc|iPhone
		{D502B413-8529-4C8A-AC9F-6BCACCA48836}.Ad-Hoc|Mixed Platforms.Build.0 = Ad-Hoc|iPhone
		{D502B413-8529-4C8A-AC9F-6BCACCA48836}.Ad-Hoc|Mixed Platforms.Deploy.0 = Ad-Hoc|iPhone
		{D502B413-8529-4C8A-AC9F-6BCACCA48836}.AppStore|Any CPU.ActiveCfg = AppStore|iPhone
		{D502B413-8529-4C8A-AC9F-6BCACCA48836}.AppStore|iPhone.ActiveCfg = AppStore|iPhone
		{D502B413-8529-4C8A-AC9F-6BCACCA48836}.AppStore|iPhone.Build.0 = AppStore|iPhone
		{D502B413-8529-4C8A-AC9F-6BCACCA48836}.AppStore|iPhone.Deploy.0 = AppStore|iPhone
		{D502B413-8529-4C8A-AC9F-6BCACCA48836}.AppStore|iPhoneSimulator.ActiveCfg = AppStore|iPhoneSimulator
		{D502B413-8529-4C8A-AC9F-6BCACCA48836}.AppStore|iPhoneSimulator.Build.0 = AppStore|iPhoneSimulator
		{D502B413-8529-4C8A-AC9F-6BCACCA48836}.AppStore|iPhoneSimulator.Deploy.0 = AppStore|iPhoneSimulator
		{D502B413-8529-4C8A-AC9F-6BCACCA48836}.AppStore|Mixed Platforms.ActiveCfg = AppStore|iPhone
		{D502B413-8529-4C8A-AC9F-6BCACCA48836}.AppStore|Mixed Platforms.Build.0 = AppStore|iPhone
		{D502B413-8529-4C8A-AC9F-6BCACCA48836}.AppStore|Mixed Platforms.Deploy.0 = AppStore|iPhone
		{D502B413-8529-4C8A-AC9F-6BCACCA48836}.Debug|Any CPU.ActiveCfg = Debug|iPhone
		{D502B413-8529-4C8A-AC9F-6BCACCA48836}.Debug|Any CPU.Build.0 = Debug|iPhone
		{D502B413-8529-4C8A-AC9F-6BCACCA48836}.Debug|iPhone.ActiveCfg = Debug|iPhone
		{D502B413-8529-4C8A-AC9F-6BCACCA48836}.Debug|iPhone.Build.0 = Debug|iPhone
		{D502B413-8529-4C8A-AC9F-6BCACCA48836}.Debug|iPhone.Deploy.0 = Debug|iPhone
		{D502B413-8529-4C8A-AC9F-6BCACCA48836}.Debug|iPhoneSimulator.ActiveCfg = Debug|iPhoneSimulator
		{D502B413-8529-4C8A-AC9F-6BCACCA48836}.Debug|iPhoneSimulator.Build.0 = Debug|iPhoneSimulator
		{D502B413-8529-4C8A-AC9F-6BCACCA48836}.Debug|iPhoneSimulator.Deploy.0 = Debug|iPhoneSimulator
		{D502B413-8529-4C8A-AC9F-6BCACCA48836}.Debug|Mixed Platforms.ActiveCfg = Debug|iPhone
		{D502B413-8529-4C8A-AC9F-6BCACCA48836}.Debug|Mixed Platforms.Build.0 = Debug|iPhone
		{D502B413-8529-4C8A-AC9F-6BCACCA48836}.Debug|Mixed Platforms.Deploy.0 = Debug|iPhone
		{D502B413-8529-4C8A-AC9F-6BCACCA48836}.Release|Any CPU.ActiveCfg = Release|iPhone
		{D502B413-8529-4C8A-AC9F-6BCACCA48836}.Release|Any CPU.Build.0 = Release|iPhone
		{D502B413-8529-4C8A-AC9F-6BCACCA48836}.Release|iPhone.ActiveCfg = Release|iPhone
		{D502B413-8529-4C8A-AC9F-6BCACCA48836}.Release|iPhone.Build.0 = Release|iPhone
		{D502B413-8529-4C8A-AC9F-6BCACCA48836}.Release|iPhone.Deploy.0 = Release|iPhone
		{D502B413-8529-4C8A-AC9F-6BCACCA48836}.Release|iPhoneSimulator.ActiveCfg = Release|iPhoneSimulator
		{D502B413-8529-4C8A-AC9F-6BCACCA48836}.Release|iPhoneSimulator.Build.0 = Release|iPhoneSimulator
		{D502B413-8529-4C8A-AC9F-6BCACCA48836}.Release|iPhoneSimulator.Deploy.0 = Release|iPhoneSimulator
		{D502B413-8529-4C8A-AC9F-6BCACCA48836}.Release|Mixed Platforms.ActiveCfg = Release|iPhone
		{D502B413-8529-4C8A-AC9F-6BCACCA48836}.Release|Mixed Platforms.Build.0 = Release|iPhone
		{D502B413-8529-4C8A-AC9F-6BCACCA48836}.Release|Mixed Platforms.Deploy.0 = Release|iPhone
		{4346C41B-3F28-4932-A4F2-EA819E2FBD90}.Ad-Hoc|Any CPU.ActiveCfg = Release|Any CPU
		{4346C41B-3F28-4932-A4F2-EA819E2FBD90}.Ad-Hoc|Any CPU.Build.0 = Release|Any CPU
		{4346C41B-3F28-4932-A4F2-EA819E2FBD90}.Ad-Hoc|Any CPU.Deploy.0 = Release|Any CPU
		{4346C41B-3F28-4932-A4F2-EA819E2FBD90}.Ad-Hoc|iPhone.ActiveCfg = Release|Any CPU
		{4346C41B-3F28-4932-A4F2-EA819E2FBD90}.Ad-Hoc|iPhoneSimulator.ActiveCfg = Release|Any CPU
		{4346C41B-3F28-4932-A4F2-EA819E2FBD90}.Ad-Hoc|Mixed Platforms.ActiveCfg = Release|Any CPU
		{4346C41B-3F28-4932-A4F2-EA819E2FBD90}.Ad-Hoc|Mixed Platforms.Build.0 = Release|Any CPU
		{4346C41B-3F28-4932-A4F2-EA819E2FBD90}.Ad-Hoc|Mixed Platforms.Deploy.0 = Release|Any CPU
		{4346C41B-3F28-4932-A4F2-EA819E2FBD90}.AppStore|Any CPU.ActiveCfg = Release|Any CPU
		{4346C41B-3F28-4932-A4F2-EA819E2FBD90}.AppStore|Any CPU.Build.0 = Release|Any CPU
		{4346C41B-3F28-4932-A4F2-EA819E2FBD90}.AppStore|Any CPU.Deploy.0 = Release|Any CPU
		{4346C41B-3F28-4932-A4F2-EA819E2FBD90}.AppStore|iPhone.ActiveCfg = Release|Any CPU
		{4346C41B-3F28-4932-A4F2-EA819E2FBD90}.AppStore|iPhoneSimulator.ActiveCfg = Release|Any CPU
		{4346C41B-3F28-4932-A4F2-EA819E2FBD90}.AppStore|Mixed Platforms.ActiveCfg = Release|Any CPU
		{4346C41B-3F28-4932-A4F2-EA819E2FBD90}.AppStore|Mixed Platforms.Build.0 = Release|Any CPU
		{4346C41B-3F28-4932-A4F2-EA819E2FBD90}.AppStore|Mixed Platforms.Deploy.0 = Release|Any CPU
		{4346C41B-3F28-4932-A4F2-EA819E2FBD90}.Debug|Any CPU.ActiveCfg = Debug|Any CPU
		{4346C41B-3F28-4932-A4F2-EA819E2FBD90}.Debug|Any CPU.Build.0 = Debug|Any CPU
		{4346C41B-3F28-4932-A4F2-EA819E2FBD90}.Debug|Any CPU.Deploy.0 = Debug|Any CPU
		{4346C41B-3F28-4932-A4F2-EA819E2FBD90}.Debug|iPhone.ActiveCfg = Debug|Any CPU
		{4346C41B-3F28-4932-A4F2-EA819E2FBD90}.Debug|iPhoneSimulator.ActiveCfg = Debug|Any CPU
		{4346C41B-3F28-4932-A4F2-EA819E2FBD90}.Debug|Mixed Platforms.ActiveCfg = Debug|Any CPU
		{4346C41B-3F28-4932-A4F2-EA819E2FBD90}.Debug|Mixed Platforms.Build.0 = Debug|Any CPU
		{4346C41B-3F28-4932-A4F2-EA819E2FBD90}.Debug|Mixed Platforms.Deploy.0 = Debug|Any CPU
		{4346C41B-3F28-4932-A4F2-EA819E2FBD90}.Release|Any CPU.ActiveCfg = Release|Any CPU
		{4346C41B-3F28-4932-A4F2-EA819E2FBD90}.Release|Any CPU.Build.0 = Release|Any CPU
		{4346C41B-3F28-4932-A4F2-EA819E2FBD90}.Release|Any CPU.Deploy.0 = Release|Any CPU
		{4346C41B-3F28-4932-A4F2-EA819E2FBD90}.Release|iPhone.ActiveCfg = Release|Any CPU
		{4346C41B-3F28-4932-A4F2-EA819E2FBD90}.Release|iPhoneSimulator.ActiveCfg = Release|Any CPU
		{4346C41B-3F28-4932-A4F2-EA819E2FBD90}.Release|Mixed Platforms.ActiveCfg = Release|Any CPU
		{4346C41B-3F28-4932-A4F2-EA819E2FBD90}.Release|Mixed Platforms.Build.0 = Release|Any CPU
		{4346C41B-3F28-4932-A4F2-EA819E2FBD90}.Release|Mixed Platforms.Deploy.0 = Release|Any CPU
		{6929E86E-7507-4938-9DC3-81BE37CE06AE}.Ad-Hoc|Any CPU.ActiveCfg = Release|Any CPU
		{6929E86E-7507-4938-9DC3-81BE37CE06AE}.Ad-Hoc|Any CPU.Build.0 = Release|Any CPU
		{6929E86E-7507-4938-9DC3-81BE37CE06AE}.Ad-Hoc|iPhone.ActiveCfg = Release|Any CPU
		{6929E86E-7507-4938-9DC3-81BE37CE06AE}.Ad-Hoc|iPhoneSimulator.ActiveCfg = Release|Any CPU
		{6929E86E-7507-4938-9DC3-81BE37CE06AE}.Ad-Hoc|Mixed Platforms.ActiveCfg = Release|Any CPU
		{6929E86E-7507-4938-9DC3-81BE37CE06AE}.Ad-Hoc|Mixed Platforms.Build.0 = Release|Any CPU
		{6929E86E-7507-4938-9DC3-81BE37CE06AE}.AppStore|Any CPU.ActiveCfg = Release|Any CPU
		{6929E86E-7507-4938-9DC3-81BE37CE06AE}.AppStore|Any CPU.Build.0 = Release|Any CPU
		{6929E86E-7507-4938-9DC3-81BE37CE06AE}.AppStore|iPhone.ActiveCfg = Release|Any CPU
		{6929E86E-7507-4938-9DC3-81BE37CE06AE}.AppStore|iPhoneSimulator.ActiveCfg = Release|Any CPU
		{6929E86E-7507-4938-9DC3-81BE37CE06AE}.AppStore|Mixed Platforms.ActiveCfg = Release|Any CPU
		{6929E86E-7507-4938-9DC3-81BE37CE06AE}.AppStore|Mixed Platforms.Build.0 = Release|Any CPU
		{6929E86E-7507-4938-9DC3-81BE37CE06AE}.Debug|Any CPU.ActiveCfg = Debug|Any CPU
		{6929E86E-7507-4938-9DC3-81BE37CE06AE}.Debug|Any CPU.Build.0 = Debug|Any CPU
		{6929E86E-7507-4938-9DC3-81BE37CE06AE}.Debug|iPhone.ActiveCfg = Debug|Any CPU
		{6929E86E-7507-4938-9DC3-81BE37CE06AE}.Debug|iPhone.Build.0 = Debug|Any CPU
		{6929E86E-7507-4938-9DC3-81BE37CE06AE}.Debug|iPhoneSimulator.ActiveCfg = Debug|Any CPU
		{6929E86E-7507-4938-9DC3-81BE37CE06AE}.Debug|iPhoneSimulator.Build.0 = Debug|Any CPU
		{6929E86E-7507-4938-9DC3-81BE37CE06AE}.Debug|Mixed Platforms.ActiveCfg = Debug|Any CPU
		{6929E86E-7507-4938-9DC3-81BE37CE06AE}.Debug|Mixed Platforms.Build.0 = Debug|Any CPU
		{6929E86E-7507-4938-9DC3-81BE37CE06AE}.Release|Any CPU.ActiveCfg = Release|Any CPU
		{6929E86E-7507-4938-9DC3-81BE37CE06AE}.Release|Any CPU.Build.0 = Release|Any CPU
		{6929E86E-7507-4938-9DC3-81BE37CE06AE}.Release|iPhone.ActiveCfg = Release|Any CPU
		{6929E86E-7507-4938-9DC3-81BE37CE06AE}.Release|iPhone.Build.0 = Release|Any CPU
		{6929E86E-7507-4938-9DC3-81BE37CE06AE}.Release|iPhoneSimulator.ActiveCfg = Release|Any CPU
		{6929E86E-7507-4938-9DC3-81BE37CE06AE}.Release|iPhoneSimulator.Build.0 = Release|Any CPU
		{6929E86E-7507-4938-9DC3-81BE37CE06AE}.Release|Mixed Platforms.ActiveCfg = Release|Any CPU
		{6929E86E-7507-4938-9DC3-81BE37CE06AE}.Release|Mixed Platforms.Build.0 = Release|Any CPU
		{6267A6C4-1DCF-47E8-A736-8FF5BC9E563B}.Ad-Hoc|Any CPU.ActiveCfg = Release|Any CPU
		{6267A6C4-1DCF-47E8-A736-8FF5BC9E563B}.Ad-Hoc|Any CPU.Build.0 = Release|Any CPU
		{6267A6C4-1DCF-47E8-A736-8FF5BC9E563B}.Ad-Hoc|iPhone.ActiveCfg = Release|Any CPU
		{6267A6C4-1DCF-47E8-A736-8FF5BC9E563B}.Ad-Hoc|iPhoneSimulator.ActiveCfg = Release|Any CPU
		{6267A6C4-1DCF-47E8-A736-8FF5BC9E563B}.Ad-Hoc|Mixed Platforms.ActiveCfg = Release|Any CPU
		{6267A6C4-1DCF-47E8-A736-8FF5BC9E563B}.Ad-Hoc|Mixed Platforms.Build.0 = Release|Any CPU
		{6267A6C4-1DCF-47E8-A736-8FF5BC9E563B}.AppStore|Any CPU.ActiveCfg = Release|Any CPU
		{6267A6C4-1DCF-47E8-A736-8FF5BC9E563B}.AppStore|Any CPU.Build.0 = Release|Any CPU
		{6267A6C4-1DCF-47E8-A736-8FF5BC9E563B}.AppStore|iPhone.ActiveCfg = Release|Any CPU
		{6267A6C4-1DCF-47E8-A736-8FF5BC9E563B}.AppStore|iPhoneSimulator.ActiveCfg = Release|Any CPU
		{6267A6C4-1DCF-47E8-A736-8FF5BC9E563B}.AppStore|Mixed Platforms.ActiveCfg = Release|Any CPU
		{6267A6C4-1DCF-47E8-A736-8FF5BC9E563B}.AppStore|Mixed Platforms.Build.0 = Release|Any CPU
		{6267A6C4-1DCF-47E8-A736-8FF5BC9E563B}.Debug|Any CPU.ActiveCfg = Debug|Any CPU
		{6267A6C4-1DCF-47E8-A736-8FF5BC9E563B}.Debug|Any CPU.Build.0 = Debug|Any CPU
		{6267A6C4-1DCF-47E8-A736-8FF5BC9E563B}.Debug|iPhone.ActiveCfg = Debug|Any CPU
		{6267A6C4-1DCF-47E8-A736-8FF5BC9E563B}.Debug|iPhone.Build.0 = Debug|Any CPU
		{6267A6C4-1DCF-47E8-A736-8FF5BC9E563B}.Debug|iPhoneSimulator.ActiveCfg = Debug|Any CPU
		{6267A6C4-1DCF-47E8-A736-8FF5BC9E563B}.Debug|iPhoneSimulator.Build.0 = Debug|Any CPU
		{6267A6C4-1DCF-47E8-A736-8FF5BC9E563B}.Debug|Mixed Platforms.ActiveCfg = Debug|Any CPU
		{6267A6C4-1DCF-47E8-A736-8FF5BC9E563B}.Debug|Mixed Platforms.Build.0 = Debug|Any CPU
		{6267A6C4-1DCF-47E8-A736-8FF5BC9E563B}.Release|Any CPU.ActiveCfg = Release|Any CPU
		{6267A6C4-1DCF-47E8-A736-8FF5BC9E563B}.Release|Any CPU.Build.0 = Release|Any CPU
		{6267A6C4-1DCF-47E8-A736-8FF5BC9E563B}.Release|iPhone.ActiveCfg = Release|Any CPU
		{6267A6C4-1DCF-47E8-A736-8FF5BC9E563B}.Release|iPhone.Build.0 = Release|Any CPU
		{6267A6C4-1DCF-47E8-A736-8FF5BC9E563B}.Release|iPhoneSimulator.ActiveCfg = Release|Any CPU
		{6267A6C4-1DCF-47E8-A736-8FF5BC9E563B}.Release|iPhoneSimulator.Build.0 = Release|Any CPU
		{6267A6C4-1DCF-47E8-A736-8FF5BC9E563B}.Release|Mixed Platforms.ActiveCfg = Release|Any CPU
		{6267A6C4-1DCF-47E8-A736-8FF5BC9E563B}.Release|Mixed Platforms.Build.0 = Release|Any CPU
	EndGlobalSection
	GlobalSection(SolutionProperties) = preSolution
		HideSolutionNode = FALSE
	EndGlobalSection
EndGlobal
